// !$*UTF8*$!
{
	archiveVersion = 1;
	classes = {
	};
	objectVersion = 56;
	objects = {

/* Begin PBXBuildFile section */
		395C84E128DFB98A002CB272 /* DataStoreRealTimeChatApp.swift in Sources */ = {isa = PBXBuildFile; fileRef = 395C84E028DFB98A002CB272 /* DataStoreRealTimeChatApp.swift */; };
		395C84E328DFB98A002CB272 /* ContentView.swift in Sources */ = {isa = PBXBuildFile; fileRef = 395C84E228DFB98A002CB272 /* ContentView.swift */; };
		395C84E528DFB98D002CB272 /* Assets.xcassets in Resources */ = {isa = PBXBuildFile; fileRef = 395C84E428DFB98D002CB272 /* Assets.xcassets */; };
		395C84E828DFB98D002CB272 /* Preview Assets.xcassets in Resources */ = {isa = PBXBuildFile; fileRef = 395C84E728DFB98D002CB272 /* Preview Assets.xcassets */; };
		395C84F228DFB98D002CB272 /* DataStoreRealTimeChatTests.swift in Sources */ = {isa = PBXBuildFile; fileRef = 395C84F128DFB98D002CB272 /* DataStoreRealTimeChatTests.swift */; };
		395C84FC28DFB98D002CB272 /* DataStoreRealTimeChatUITests.swift in Sources */ = {isa = PBXBuildFile; fileRef = 395C84FB28DFB98D002CB272 /* DataStoreRealTimeChatUITests.swift */; };
		395C84FE28DFB98D002CB272 /* DataStoreRealTimeChatUITestsLaunchTests.swift in Sources */ = {isa = PBXBuildFile; fileRef = 395C84FD28DFB98D002CB272 /* DataStoreRealTimeChatUITestsLaunchTests.swift */; };
/* End PBXBuildFile section */

/* Begin PBXContainerItemProxy section */
		395C84EE28DFB98D002CB272 /* PBXContainerItemProxy */ = {
			isa = PBXContainerItemProxy;
			containerPortal = 395C84D528DFB98A002CB272 /* Project object */;
			proxyType = 1;
			remoteGlobalIDString = 395C84DC28DFB98A002CB272;
			remoteInfo = DataStoreRealTimeChat;
		};
		395C84F828DFB98D002CB272 /* PBXContainerItemProxy */ = {
			isa = PBXContainerItemProxy;
			containerPortal = 395C84D528DFB98A002CB272 /* Project object */;
			proxyType = 1;
			remoteGlobalIDString = 395C84DC28DFB98A002CB272;
			remoteInfo = DataStoreRealTimeChat;
		};
/* End PBXContainerItemProxy section */

/* Begin PBXFileReference section */
		395C84DD28DFB98A002CB272 /* DataStoreRealTimeChat.app */ = {isa = PBXFileReference; explicitFileType = wrapper.application; includeInIndex = 0; path = DataStoreRealTimeChat.app; sourceTree = BUILT_PRODUCTS_DIR; };
		395C84E028DFB98A002CB272 /* DataStoreRealTimeChatApp.swift */ = {isa = PBXFileReference; lastKnownFileType = sourcecode.swift; path = DataStoreRealTimeChatApp.swift; sourceTree = "<group>"; };
		395C84E228DFB98A002CB272 /* ContentView.swift */ = {isa = PBXFileReference; lastKnownFileType = sourcecode.swift; path = ContentView.swift; sourceTree = "<group>"; };
		395C84E428DFB98D002CB272 /* Assets.xcassets */ = {isa = PBXFileReference; lastKnownFileType = folder.assetcatalog; path = Assets.xcassets; sourceTree = "<group>"; };
		395C84E728DFB98D002CB272 /* Preview Assets.xcassets */ = {isa = PBXFileReference; lastKnownFileType = folder.assetcatalog; path = "Preview Assets.xcassets"; sourceTree = "<group>"; };
		395C84ED28DFB98D002CB272 /* DataStoreRealTimeChatTests.xctest */ = {isa = PBXFileReference; explicitFileType = wrapper.cfbundle; includeInIndex = 0; path = DataStoreRealTimeChatTests.xctest; sourceTree = BUILT_PRODUCTS_DIR; };
		395C84F128DFB98D002CB272 /* DataStoreRealTimeChatTests.swift */ = {isa = PBXFileReference; lastKnownFileType = sourcecode.swift; path = DataStoreRealTimeChatTests.swift; sourceTree = "<group>"; };
		395C84F728DFB98D002CB272 /* DataStoreRealTimeChatUITests.xctest */ = {isa = PBXFileReference; explicitFileType = wrapper.cfbundle; includeInIndex = 0; path = DataStoreRealTimeChatUITests.xctest; sourceTree = BUILT_PRODUCTS_DIR; };
		395C84FB28DFB98D002CB272 /* DataStoreRealTimeChatUITests.swift */ = {isa = PBXFileReference; lastKnownFileType = sourcecode.swift; path = DataStoreRealTimeChatUITests.swift; sourceTree = "<group>"; };
		395C84FD28DFB98D002CB272 /* DataStoreRealTimeChatUITestsLaunchTests.swift */ = {isa = PBXFileReference; lastKnownFileType = sourcecode.swift; path = DataStoreRealTimeChatUITestsLaunchTests.swift; sourceTree = "<group>"; };
/* End PBXFileReference section */

/* Begin PBXFrameworksBuildPhase section */
		395C84DA28DFB98A002CB272 /* Frameworks */ = {
			isa = PBXFrameworksBuildPhase;
			buildActionMask = 2147483647;
			files = (
			);
			runOnlyForDeploymentPostprocessing = 0;
		};
		395C84EA28DFB98D002CB272 /* Frameworks */ = {
			isa = PBXFrameworksBuildPhase;
			buildActionMask = 2147483647;
			files = (
			);
			runOnlyForDeploymentPostprocessing = 0;
		};
		395C84F428DFB98D002CB272 /* Frameworks */ = {
			isa = PBXFrameworksBuildPhase;
			buildActionMask = 2147483647;
			files = (
			);
			runOnlyForDeploymentPostprocessing = 0;
		};
/* End PBXFrameworksBuildPhase section */

/* Begin PBXGroup section */
		395C84D428DFB98A002CB272 = {
			isa = PBXGroup;
			children = (
				395C84DF28DFB98A002CB272 /* DataStoreRealTimeChat */,
				395C84F028DFB98D002CB272 /* DataStoreRealTimeChatTests */,
				395C84FA28DFB98D002CB272 /* DataStoreRealTimeChatUITests */,
				395C84DE28DFB98A002CB272 /* Products */,
			);
			sourceTree = "<group>";
		};
		395C84DE28DFB98A002CB272 /* Products */ = {
			isa = PBXGroup;
			children = (
				395C84DD28DFB98A002CB272 /* DataStoreRealTimeChat.app */,
				395C84ED28DFB98D002CB272 /* DataStoreRealTimeChatTests.xctest */,
				395C84F728DFB98D002CB272 /* DataStoreRealTimeChatUITests.xctest */,
			);
			name = Products;
			sourceTree = "<group>";
		};
		395C84DF28DFB98A002CB272 /* DataStoreRealTimeChat */ = {
			isa = PBXGroup;
			children = (
				395C84E028DFB98A002CB272 /* DataStoreRealTimeChatApp.swift */,
				395C84E228DFB98A002CB272 /* ContentView.swift */,
				395C84E428DFB98D002CB272 /* Assets.xcassets */,
				395C84E628DFB98D002CB272 /* Preview Content */,
			);
			path = DataStoreRealTimeChat;
			sourceTree = "<group>";
		};
		395C84E628DFB98D002CB272 /* Preview Content */ = {
			isa = PBXGroup;
			children = (
				395C84E728DFB98D002CB272 /* Preview Assets.xcassets */,
			);
			path = "Preview Content";
			sourceTree = "<group>";
		};
		395C84F028DFB98D002CB272 /* DataStoreRealTimeChatTests */ = {
			isa = PBXGroup;
			children = (
				395C84F128DFB98D002CB272 /* DataStoreRealTimeChatTests.swift */,
			);
			path = DataStoreRealTimeChatTests;
			sourceTree = "<group>";
		};
		395C84FA28DFB98D002CB272 /* DataStoreRealTimeChatUITests */ = {
			isa = PBXGroup;
			children = (
				395C84FB28DFB98D002CB272 /* DataStoreRealTimeChatUITests.swift */,
				395C84FD28DFB98D002CB272 /* DataStoreRealTimeChatUITestsLaunchTests.swift */,
			);
			path = DataStoreRealTimeChatUITests;
			sourceTree = "<group>";
		};
/* End PBXGroup section */

/* Begin PBXNativeTarget section */
		395C84DC28DFB98A002CB272 /* DataStoreRealTimeChat */ = {
			isa = PBXNativeTarget;
			buildConfigurationList = 395C850128DFB98D002CB272 /* Build configuration list for PBXNativeTarget "DataStoreRealTimeChat" */;
			buildPhases = (
				395C84D928DFB98A002CB272 /* Sources */,
				395C84DA28DFB98A002CB272 /* Frameworks */,
				395C84DB28DFB98A002CB272 /* Resources */,
			);
			buildRules = (
			);
			dependencies = (
			);
			name = DataStoreRealTimeChat;
			productName = DataStoreRealTimeChat;
			productReference = 395C84DD28DFB98A002CB272 /* DataStoreRealTimeChat.app */;
			productType = "com.apple.product-type.application";
		};
		395C84EC28DFB98D002CB272 /* DataStoreRealTimeChatTests */ = {
			isa = PBXNativeTarget;
			buildConfigurationList = 395C850428DFB98D002CB272 /* Build configuration list for PBXNativeTarget "DataStoreRealTimeChatTests" */;
			buildPhases = (
				395C84E928DFB98D002CB272 /* Sources */,
				395C84EA28DFB98D002CB272 /* Frameworks */,
				395C84EB28DFB98D002CB272 /* Resources */,
			);
			buildRules = (
			);
			dependencies = (
				395C84EF28DFB98D002CB272 /* PBXTargetDependency */,
			);
			name = DataStoreRealTimeChatTests;
			productName = DataStoreRealTimeChatTests;
			productReference = 395C84ED28DFB98D002CB272 /* DataStoreRealTimeChatTests.xctest */;
			productType = "com.apple.product-type.bundle.unit-test";
		};
		395C84F628DFB98D002CB272 /* DataStoreRealTimeChatUITests */ = {
			isa = PBXNativeTarget;
			buildConfigurationList = 395C850728DFB98D002CB272 /* Build configuration list for PBXNativeTarget "DataStoreRealTimeChatUITests" */;
			buildPhases = (
				395C84F328DFB98D002CB272 /* Sources */,
				395C84F428DFB98D002CB272 /* Frameworks */,
				395C84F528DFB98D002CB272 /* Resources */,
			);
			buildRules = (
			);
			dependencies = (
				395C84F928DFB98D002CB272 /* PBXTargetDependency */,
			);
			name = DataStoreRealTimeChatUITests;
			productName = DataStoreRealTimeChatUITests;
			productReference = 395C84F728DFB98D002CB272 /* DataStoreRealTimeChatUITests.xctest */;
			productType = "com.apple.product-type.bundle.ui-testing";
		};
/* End PBXNativeTarget section */

/* Begin PBXProject section */
		395C84D528DFB98A002CB272 /* Project object */ = {
			isa = PBXProject;
			attributes = {
				BuildIndependentTargetsInParallel = 1;
				LastSwiftUpdateCheck = 1400;
				LastUpgradeCheck = 1400;
				TargetAttributes = {
					395C84DC28DFB98A002CB272 = {
						CreatedOnToolsVersion = 14.0;
					};
					395C84EC28DFB98D002CB272 = {
						CreatedOnToolsVersion = 14.0;
						TestTargetID = 395C84DC28DFB98A002CB272;
					};
					395C84F628DFB98D002CB272 = {
						CreatedOnToolsVersion = 14.0;
						TestTargetID = 395C84DC28DFB98A002CB272;
					};
				};
			};
			buildConfigurationList = 395C84D828DFB98A002CB272 /* Build configuration list for PBXProject "DataStoreRealTimeChat" */;
			compatibilityVersion = "Xcode 14.0";
			developmentRegion = en;
			hasScannedForEncodings = 0;
			knownRegions = (
				en,
				Base,
			);
			mainGroup = 395C84D428DFB98A002CB272;
			productRefGroup = 395C84DE28DFB98A002CB272 /* Products */;
			projectDirPath = "";
			projectRoot = "";
			targets = (
				395C84DC28DFB98A002CB272 /* DataStoreRealTimeChat */,
				395C84EC28DFB98D002CB272 /* DataStoreRealTimeChatTests */,
				395C84F628DFB98D002CB272 /* DataStoreRealTimeChatUITests */,
			);
		};
/* End PBXProject section */

/* Begin PBXResourcesBuildPhase section */
		395C84DB28DFB98A002CB272 /* Resources */ = {
			isa = PBXResourcesBuildPhase;
			buildActionMask = 2147483647;
			files = (
				395C84E828DFB98D002CB272 /* Preview Assets.xcassets in Resources */,
				395C84E528DFB98D002CB272 /* Assets.xcassets in Resources */,
			);
			runOnlyForDeploymentPostprocessing = 0;
		};
		395C84EB28DFB98D002CB272 /* Resources */ = {
			isa = PBXResourcesBuildPhase;
			buildActionMask = 2147483647;
			files = (
			);
			runOnlyForDeploymentPostprocessing = 0;
		};
		395C84F528DFB98D002CB272 /* Resources */ = {
			isa = PBXResourcesBuildPhase;
			buildActionMask = 2147483647;
			files = (
			);
			runOnlyForDeploymentPostprocessing = 0;
		};
/* End PBXResourcesBuildPhase section */

/* Begin PBXSourcesBuildPhase section */
		395C84D928DFB98A002CB272 /* Sources */ = {
			isa = PBXSourcesBuildPhase;
			buildActionMask = 2147483647;
			files = (
				395C84E328DFB98A002CB272 /* ContentView.swift in Sources */,
				395C84E128DFB98A002CB272 /* DataStoreRealTimeChatApp.swift in Sources */,
			);
			runOnlyForDeploymentPostprocessing = 0;
		};
		395C84E928DFB98D002CB272 /* Sources */ = {
			isa = PBXSourcesBuildPhase;
			buildActionMask = 2147483647;
			files = (
				395C84F228DFB98D002CB272 /* DataStoreRealTimeChatTests.swift in Sources */,
			);
			runOnlyForDeploymentPostprocessing = 0;
		};
		395C84F328DFB98D002CB272 /* Sources */ = {
			isa = PBXSourcesBuildPhase;
			buildActionMask = 2147483647;
			files = (
				395C84FC28DFB98D002CB272 /* DataStoreRealTimeChatUITests.swift in Sources */,
				395C84FE28DFB98D002CB272 /* DataStoreRealTimeChatUITestsLaunchTests.swift in Sources */,
			);
			runOnlyForDeploymentPostprocessing = 0;
		};
/* End PBXSourcesBuildPhase section */

/* Begin PBXTargetDependency section */
		395C84EF28DFB98D002CB272 /* PBXTargetDependency */ = {
			isa = PBXTargetDependency;
			target = 395C84DC28DFB98A002CB272 /* DataStoreRealTimeChat */;
			targetProxy = 395C84EE28DFB98D002CB272 /* PBXContainerItemProxy */;
		};
		395C84F928DFB98D002CB272 /* PBXTargetDependency */ = {
			isa = PBXTargetDependency;
			target = 395C84DC28DFB98A002CB272 /* DataStoreRealTimeChat */;
			targetProxy = 395C84F828DFB98D002CB272 /* PBXContainerItemProxy */;
		};
/* End PBXTargetDependency section */

/* Begin XCBuildConfiguration section */
		395C84FF28DFB98D002CB272 /* Debug */ = {
			isa = XCBuildConfiguration;
			buildSettings = {
				ALWAYS_SEARCH_USER_PATHS = NO;
				CLANG_ANALYZER_NONNULL = YES;
				CLANG_ANALYZER_NUMBER_OBJECT_CONVERSION = YES_AGGRESSIVE;
				CLANG_CXX_LANGUAGE_STANDARD = "gnu++20";
				CLANG_ENABLE_MODULES = YES;
				CLANG_ENABLE_OBJC_ARC = YES;
				CLANG_ENABLE_OBJC_WEAK = YES;
				CLANG_WARN_BLOCK_CAPTURE_AUTORELEASING = YES;
				CLANG_WARN_BOOL_CONVERSION = YES;
				CLANG_WARN_COMMA = YES;
				CLANG_WARN_CONSTANT_CONVERSION = YES;
				CLANG_WARN_DEPRECATED_OBJC_IMPLEMENTATIONS = YES;
				CLANG_WARN_DIRECT_OBJC_ISA_USAGE = YES_ERROR;
				CLANG_WARN_DOCUMENTATION_COMMENTS = YES;
				CLANG_WARN_EMPTY_BODY = YES;
				CLANG_WARN_ENUM_CONVERSION = YES;
				CLANG_WARN_INFINITE_RECURSION = YES;
				CLANG_WARN_INT_CONVERSION = YES;
				CLANG_WARN_NON_LITERAL_NULL_CONVERSION = YES;
				CLANG_WARN_OBJC_IMPLICIT_RETAIN_SELF = YES;
				CLANG_WARN_OBJC_LITERAL_CONVERSION = YES;
				CLANG_WARN_OBJC_ROOT_CLASS = YES_ERROR;
				CLANG_WARN_QUOTED_INCLUDE_IN_FRAMEWORK_HEADER = YES;
				CLANG_WARN_RANGE_LOOP_ANALYSIS = YES;
				CLANG_WARN_STRICT_PROTOTYPES = YES;
				CLANG_WARN_SUSPICIOUS_MOVE = YES;
				CLANG_WARN_UNGUARDED_AVAILABILITY = YES_AGGRESSIVE;
				CLANG_WARN_UNREACHABLE_CODE = YES;
				CLANG_WARN__DUPLICATE_METHOD_MATCH = YES;
				COPY_PHASE_STRIP = NO;
				DEBUG_INFORMATION_FORMAT = dwarf;
				ENABLE_STRICT_OBJC_MSGSEND = YES;
				ENABLE_TESTABILITY = YES;
				GCC_C_LANGUAGE_STANDARD = gnu11;
				GCC_DYNAMIC_NO_PIC = NO;
				GCC_NO_COMMON_BLOCKS = YES;
				GCC_OPTIMIZATION_LEVEL = 0;
				GCC_PREPROCESSOR_DEFINITIONS = (
					"DEBUG=1",
					"$(inherited)",
				);
				GCC_WARN_64_TO_32_BIT_CONVERSION = YES;
				GCC_WARN_ABOUT_RETURN_TYPE = YES_ERROR;
				GCC_WARN_UNDECLARED_SELECTOR = YES;
				GCC_WARN_UNINITIALIZED_AUTOS = YES_AGGRESSIVE;
				GCC_WARN_UNUSED_FUNCTION = YES;
				GCC_WARN_UNUSED_VARIABLE = YES;
				IPHONEOS_DEPLOYMENT_TARGET = 16.0;
				MTL_ENABLE_DEBUG_INFO = INCLUDE_SOURCE;
				MTL_FAST_MATH = YES;
				ONLY_ACTIVE_ARCH = YES;
				SDKROOT = iphoneos;
				SWIFT_ACTIVE_COMPILATION_CONDITIONS = DEBUG;
				SWIFT_OPTIMIZATION_LEVEL = "-Onone";
			};
			name = Debug;
		};
		395C850028DFB98D002CB272 /* Release */ = {
			isa = XCBuildConfiguration;
			buildSettings = {
				ALWAYS_SEARCH_USER_PATHS = NO;
				CLANG_ANALYZER_NONNULL = YES;
				CLANG_ANALYZER_NUMBER_OBJECT_CONVERSION = YES_AGGRESSIVE;
				CLANG_CXX_LANGUAGE_STANDARD = "gnu++20";
				CLANG_ENABLE_MODULES = YES;
				CLANG_ENABLE_OBJC_ARC = YES;
				CLANG_ENABLE_OBJC_WEAK = YES;
				CLANG_WARN_BLOCK_CAPTURE_AUTORELEASING = YES;
				CLANG_WARN_BOOL_CONVERSION = YES;
				CLANG_WARN_COMMA = YES;
				CLANG_WARN_CONSTANT_CONVERSION = YES;
				CLANG_WARN_DEPRECATED_OBJC_IMPLEMENTATIONS = YES;
				CLANG_WARN_DIRECT_OBJC_ISA_USAGE = YES_ERROR;
				CLANG_WARN_DOCUMENTATION_COMMENTS = YES;
				CLANG_WARN_EMPTY_BODY = YES;
				CLANG_WARN_ENUM_CONVERSION = YES;
				CLANG_WARN_INFINITE_RECURSION = YES;
				CLANG_WARN_INT_CONVERSION = YES;
				CLANG_WARN_NON_LITERAL_NULL_CONVERSION = YES;
				CLANG_WARN_OBJC_IMPLICIT_RETAIN_SELF = YES;
				CLANG_WARN_OBJC_LITERAL_CONVERSION = YES;
				CLANG_WARN_OBJC_ROOT_CLASS = YES_ERROR;
				CLANG_WARN_QUOTED_INCLUDE_IN_FRAMEWORK_HEADER = YES;
				CLANG_WARN_RANGE_LOOP_ANALYSIS = YES;
				CLANG_WARN_STRICT_PROTOTYPES = YES;
				CLANG_WARN_SUSPICIOUS_MOVE = YES;
				CLANG_WARN_UNGUARDED_AVAILABILITY = YES_AGGRESSIVE;
				CLANG_WARN_UNREACHABLE_CODE = YES;
				CLANG_WARN__DUPLICATE_METHOD_MATCH = YES;
				COPY_PHASE_STRIP = NO;
				DEBUG_INFORMATION_FORMAT = "dwarf-with-dsym";
				ENABLE_NS_ASSERTIONS = NO;
				ENABLE_STRICT_OBJC_MSGSEND = YES;
				GCC_C_LANGUAGE_STANDARD = gnu11;
				GCC_NO_COMMON_BLOCKS = YES;
				GCC_WARN_64_TO_32_BIT_CONVERSION = YES;
				GCC_WARN_ABOUT_RETURN_TYPE = YES_ERROR;
				GCC_WARN_UNDECLARED_SELECTOR = YES;
				GCC_WARN_UNINITIALIZED_AUTOS = YES_AGGRESSIVE;
				GCC_WARN_UNUSED_FUNCTION = YES;
				GCC_WARN_UNUSED_VARIABLE = YES;
				IPHONEOS_DEPLOYMENT_TARGET = 16.0;
				MTL_ENABLE_DEBUG_INFO = NO;
				MTL_FAST_MATH = YES;
				SDKROOT = iphoneos;
				SWIFT_COMPILATION_MODE = wholemodule;
				SWIFT_OPTIMIZATION_LEVEL = "-O";
				VALIDATE_PRODUCT = YES;
			};
			name = Release;
		};
		395C850228DFB98D002CB272 /* Debug */ = {
			isa = XCBuildConfiguration;
			buildSettings = {
				ASSETCATALOG_COMPILER_APPICON_NAME = AppIcon;
				ASSETCATALOG_COMPILER_GLOBAL_ACCENT_COLOR_NAME = AccentColor;
				CODE_SIGN_STYLE = Automatic;
				CURRENT_PROJECT_VERSION = 1;
				DEVELOPMENT_ASSET_PATHS = "\"DataStoreRealTimeChat/Preview Content\"";
				ENABLE_PREVIEWS = YES;
				GENERATE_INFOPLIST_FILE = YES;
				INFOPLIST_KEY_UIApplicationSceneManifest_Generation = YES;
				INFOPLIST_KEY_UIApplicationSupportsIndirectInputEvents = YES;
				INFOPLIST_KEY_UILaunchScreen_Generation = YES;
				INFOPLIST_KEY_UISupportedInterfaceOrientations_iPad = "UIInterfaceOrientationPortrait UIInterfaceOrientationPortraitUpsideDown UIInterfaceOrientationLandscapeLeft UIInterfaceOrientationLandscapeRight";
				INFOPLIST_KEY_UISupportedInterfaceOrientations_iPhone = "UIInterfaceOrientationPortrait UIInterfaceOrientationLandscapeLeft UIInterfaceOrientationLandscapeRight";
				LD_RUNPATH_SEARCH_PATHS = (
					"$(inherited)",
					"@executable_path/Frameworks",
				);
				MARKETING_VERSION = 1.0;
				PRODUCT_BUNDLE_IDENTIFIER = "Amazon-Web-Services.DataStoreRealTimeChat";
				PRODUCT_NAME = "$(TARGET_NAME)";
				SWIFT_EMIT_LOC_STRINGS = YES;
				SWIFT_VERSION = 5.0;
				TARGETED_DEVICE_FAMILY = "1,2";
			};
			name = Debug;
		};
		395C850328DFB98D002CB272 /* Release */ = {
			isa = XCBuildConfiguration;
			buildSettings = {
				ASSETCATALOG_COMPILER_APPICON_NAME = AppIcon;
				ASSETCATALOG_COMPILER_GLOBAL_ACCENT_COLOR_NAME = AccentColor;
				CODE_SIGN_STYLE = Automatic;
				CURRENT_PROJECT_VERSION = 1;
				DEVELOPMENT_ASSET_PATHS = "\"DataStoreRealTimeChat/Preview Content\"";
				ENABLE_PREVIEWS = YES;
				GENERATE_INFOPLIST_FILE = YES;
				INFOPLIST_KEY_UIApplicationSceneManifest_Generation = YES;
				INFOPLIST_KEY_UIApplicationSupportsIndirectInputEvents = YES;
				INFOPLIST_KEY_UILaunchScreen_Generation = YES;
				INFOPLIST_KEY_UISupportedInterfaceOrientations_iPad = "UIInterfaceOrientationPortrait UIInterfaceOrientationPortraitUpsideDown UIInterfaceOrientationLandscapeLeft UIInterfaceOrientationLandscapeRight";
				INFOPLIST_KEY_UISupportedInterfaceOrientations_iPhone = "UIInterfaceOrientationPortrait UIInterfaceOrientationLandscapeLeft UIInterfaceOrientationLandscapeRight";
				LD_RUNPATH_SEARCH_PATHS = (
					"$(inherited)",
					"@executable_path/Frameworks",
				);
				MARKETING_VERSION = 1.0;
				PRODUCT_BUNDLE_IDENTIFIER = "Amazon-Web-Services.DataStoreRealTimeChat";
				PRODUCT_NAME = "$(TARGET_NAME)";
				SWIFT_EMIT_LOC_STRINGS = YES;
				SWIFT_VERSION = 5.0;
				TARGETED_DEVICE_FAMILY = "1,2";
			};
			name = Release;
		};
		395C850528DFB98D002CB272 /* Debug */ = {
			isa = XCBuildConfiguration;
			buildSettings = {
				ALWAYS_EMBED_SWIFT_STANDARD_LIBRARIES = YES;
				BUNDLE_LOADER = "$(TEST_HOST)";
				CODE_SIGN_STYLE = Automatic;
				CURRENT_PROJECT_VERSION = 1;
				GENERATE_INFOPLIST_FILE = YES;
				IPHONEOS_DEPLOYMENT_TARGET = 16.0;
				MARKETING_VERSION = 1.0;
				PRODUCT_BUNDLE_IDENTIFIER = "Amazon-Web-Services.DataStoreRealTimeChatTests";
				PRODUCT_NAME = "$(TARGET_NAME)";
				SWIFT_EMIT_LOC_STRINGS = NO;
				SWIFT_VERSION = 5.0;
				TARGETED_DEVICE_FAMILY = "1,2";
				TEST_HOST = "$(BUILT_PRODUCTS_DIR)/DataStoreRealTimeChat.app/$(BUNDLE_EXECUTABLE_FOLDER_PATH)/DataStoreRealTimeChat";
			};
			name = Debug;
		};
		395C850628DFB98D002CB272 /* Release */ = {
			isa = XCBuildConfiguration;
			buildSettings = {
				ALWAYS_EMBED_SWIFT_STANDARD_LIBRARIES = YES;
				BUNDLE_LOADER = "$(TEST_HOST)";
				CODE_SIGN_STYLE = Automatic;
				CURRENT_PROJECT_VERSION = 1;
				GENERATE_INFOPLIST_FILE = YES;
				IPHONEOS_DEPLOYMENT_TARGET = 16.0;
				MARKETING_VERSION = 1.0;
				PRODUCT_BUNDLE_IDENTIFIER = "Amazon-Web-Services.DataStoreRealTimeChatTests";
				PRODUCT_NAME = "$(TARGET_NAME)";
				SWIFT_EMIT_LOC_STRINGS = NO;
				SWIFT_VERSION = 5.0;
				TARGETED_DEVICE_FAMILY = "1,2";
				TEST_HOST = "$(BUILT_PRODUCTS_DIR)/DataStoreRealTimeChat.app/$(BUNDLE_EXECUTABLE_FOLDER_PATH)/DataStoreRealTimeChat";
			};
			name = Release;
		};
		395C850828DFB98D002CB272 /* Debug */ = {
			isa = XCBuildConfiguration;
			buildSettings = {
				ALWAYS_EMBED_SWIFT_STANDARD_LIBRARIES = YES;
				CODE_SIGN_STYLE = Automatic;
				CURRENT_PROJECT_VERSION = 1;
				GENERATE_INFOPLIST_FILE = YES;
				MARKETING_VERSION = 1.0;
				PRODUCT_BUNDLE_IDENTIFIER = "Amazon-Web-Services.DataStoreRealTimeChatUITests";
				PRODUCT_NAME = "$(TARGET_NAME)";
				SWIFT_EMIT_LOC_STRINGS = NO;
				SWIFT_VERSION = 5.0;
				TARGETED_DEVICE_FAMILY = "1,2";
				TEST_TARGET_NAME = DataStoreRealTimeChat;
			};
			name = Debug;
		};
		395C850928DFB98D002CB272 /* Release */ = {
			isa = XCBuildConfiguration;
			buildSettings = {
				ALWAYS_EMBED_SWIFT_STANDARD_LIBRARIES = YES;
				CODE_SIGN_STYLE = Automatic;
				CURRENT_PROJECT_VERSION = 1;
				GENERATE_INFOPLIST_FILE = YES;
				MARKETING_VERSION = 1.0;
				PRODUCT_BUNDLE_IDENTIFIER = "Amazon-Web-Services.DataStoreRealTimeChatUITests";
				PRODUCT_NAME = "$(TARGET_NAME)";
				SWIFT_EMIT_LOC_STRINGS = NO;
				SWIFT_VERSION = 5.0;
				TARGETED_DEVICE_FAMILY = "1,2";
				TEST_TARGET_NAME = DataStoreRealTimeChat;
			};
			name = Release;
		};
/* End XCBuildConfiguration section */

/* Begin XCConfigurationList section */
		395C84D828DFB98A002CB272 /* Build configuration list for PBXProject "DataStoreRealTimeChat" */ = {
			isa = XCConfigurationList;
			buildConfigurations = (
				395C84FF28DFB98D002CB272 /* Debug */,
				395C850028DFB98D002CB272 /* Release */,
			);
			defaultConfigurationIsVisible = 0;
			defaultConfigurationName = Release;
		};
		395C850128DFB98D002CB272 /* Build configuration list for PBXNativeTarget "DataStoreRealTimeChat" */ = {
			isa = XCConfigurationList;
			buildConfigurations = (
				395C850228DFB98D002CB272 /* Debug */,
				395C850328DFB98D002CB272 /* Release */,
			);
			defaultConfigurationIsVisible = 0;
			defaultConfigurationName = Release;
		};
		395C850428DFB98D002CB272 /* Build configuration list for PBXNativeTarget "DataStoreRealTimeChatTests" */ = {
			isa = XCConfigurationList;
			buildConfigurations = (
				395C850528DFB98D002CB272 /* Debug */,
				395C850628DFB98D002CB272 /* Release */,
			);
			defaultConfigurationIsVisible = 0;
			defaultConfigurationName = Release;
		};
		395C850728DFB98D002CB272 /* Build configuration list for PBXNativeTarget "DataStoreRealTimeChatUITests" */ = {
			isa = XCConfigurationList;
			buildConfigurations = (
				395C850828DFB98D002CB272 /* Debug */,
				395C850928DFB98D002CB272 /* Release */,
			);
			defaultConfigurationIsVisible = 0;
			defaultConfigurationName = Release;
		};
/* End XCConfigurationList section */
	};
	rootObject = 395C84D528DFB98A002CB272 /* Project object */;
}
